
Microsoft Visual Studio Solution File, Format Version 12.00
Project("{FAE04EC0-301F-11D3-BF4B-00C04F79EFBC}") = "Synthesis", "Synthesis\Synthesis.csproj", "{58411191-2439-478A-BDF2-3FB897ED8919}"
EndProject
Project("{2150E333-8FDC-42A3-9474-1A3956D46DE8}") = "src", "src", "{C33D79BA-5FFB-43E8-A16F-107FB7918EAD}"
	ProjectSection(SolutionItems) = preProject
		run-suite.sh = run-suite.sh
		generate_graphs.py = generate_graphs.py
	EndProjectSection
EndProject
Project("{2150E333-8FDC-42A3-9474-1A3956D46DE8}") = "test", "test", "{32B6B4B5-F87B-4EF1-B952-D29CFC178DAF}"
EndProject
Project("{FAE04EC0-301F-11D3-BF4B-00C04F79EFBC}") = "Common", "Common\Common.csproj", "{A6D2F1DF-7C0B-4CCF-9F80-A8AA25095324}"
EndProject
Project("{FAE04EC0-301F-11D3-BF4B-00C04F79EFBC}") = "Common.UnitTest", "Common.UnitTest\Common.UnitTest.csproj", "{5FE34068-FDA8-48BF-B627-4DD03D970574}"
EndProject
Project("{FAE04EC0-301F-11D3-BF4B-00C04F79EFBC}") = "Experiments", "Experiments\Experiments.csproj", "{984E104F-3FDB-4764-8E73-D9C798483932}"
EndProject
Project("{FAE04EC0-301F-11D3-BF4B-00C04F79EFBC}") = "Synthesis.UnitTest", "Synthesis.UnitTest\Synthesis.UnitTest.csproj", "{989F3803-1E32-49EB-ACE8-52061EAE4001}"
EndProject
Project("{2150E333-8FDC-42A3-9474-1A3956D46DE8}") = "benchmarks", "benchmarks", "{0F1AD198-1F7F-46FF-9DFD-F21BAC7B11C0}"
EndProject
Project("{FAE04EC0-301F-11D3-BF4B-00C04F79EFBC}") = "CommandLine", "CommandLine\CommandLine.csproj", "{301DE2CB-FA3F-4F14-8257-2519362978BC}"
EndProject
Project("{FAE04EC0-301F-11D3-BF4B-00C04F79EFBC}") = "Input", "Input\Input.csproj", "{A76E7C8E-A9EA-41DB-905A-9F92711264C2}"
EndProject
Project("{FAE04EC0-301F-11D3-BF4B-00C04F79EFBC}") = "Synthesis.IntegrationTest", "Synthesis.IntegrationTest\Synthesis.IntegrationTest.csproj", "{B9F4A2AF-6C89-44CA-90D0-7922BB3789E7}"
EndProject
Project("{FAE04EC0-301F-11D3-BF4B-00C04F79EFBC}") = "Verification", "Verification\Verification.csproj", "{BDD90B12-A18B-4EA8-BAAB-63871E8FCDF6}"
EndProject
Project("{FAE04EC0-301F-11D3-BF4B-00C04F79EFBC}") = "Adaption", "Adaption\Adaption.csproj", "{C2001D55-5516-4CF6-A830-7FDDDE3B1256}"
EndProject
Global
	GlobalSection(SolutionConfigurationPlatforms) = preSolution
		Debug|Any CPU = Debug|Any CPU
		Release|Any CPU = Release|Any CPU
	EndGlobalSection
	GlobalSection(ProjectConfigurationPlatforms) = postSolution
		{58411191-2439-478A-BDF2-3FB897ED8919}.Debug|Any CPU.ActiveCfg = Debug|Any CPU
		{58411191-2439-478A-BDF2-3FB897ED8919}.Debug|Any CPU.Build.0 = Debug|Any CPU
		{58411191-2439-478A-BDF2-3FB897ED8919}.Release|Any CPU.ActiveCfg = Release|Any CPU
		{58411191-2439-478A-BDF2-3FB897ED8919}.Release|Any CPU.Build.0 = Release|Any CPU
		{A6D2F1DF-7C0B-4CCF-9F80-A8AA25095324}.Debug|Any CPU.ActiveCfg = Debug|Any CPU
		{A6D2F1DF-7C0B-4CCF-9F80-A8AA25095324}.Debug|Any CPU.Build.0 = Debug|Any CPU
		{A6D2F1DF-7C0B-4CCF-9F80-A8AA25095324}.Release|Any CPU.ActiveCfg = Release|Any CPU
		{A6D2F1DF-7C0B-4CCF-9F80-A8AA25095324}.Release|Any CPU.Build.0 = Release|Any CPU
		{5FE34068-FDA8-48BF-B627-4DD03D970574}.Debug|Any CPU.ActiveCfg = Debug|Any CPU
		{5FE34068-FDA8-48BF-B627-4DD03D970574}.Debug|Any CPU.Build.0 = Debug|Any CPU
		{5FE34068-FDA8-48BF-B627-4DD03D970574}.Release|Any CPU.ActiveCfg = Release|Any CPU
		{5FE34068-FDA8-48BF-B627-4DD03D970574}.Release|Any CPU.Build.0 = Release|Any CPU
		{984E104F-3FDB-4764-8E73-D9C798483932}.Debug|Any CPU.ActiveCfg = Debug|Any CPU
		{984E104F-3FDB-4764-8E73-D9C798483932}.Debug|Any CPU.Build.0 = Debug|Any CPU
		{984E104F-3FDB-4764-8E73-D9C798483932}.Release|Any CPU.ActiveCfg = Release|Any CPU
		{984E104F-3FDB-4764-8E73-D9C798483932}.Release|Any CPU.Build.0 = Release|Any CPU
		{989F3803-1E32-49EB-ACE8-52061EAE4001}.Debug|Any CPU.ActiveCfg = Debug|Any CPU
		{989F3803-1E32-49EB-ACE8-52061EAE4001}.Debug|Any CPU.Build.0 = Debug|Any CPU
		{989F3803-1E32-49EB-ACE8-52061EAE4001}.Release|Any CPU.ActiveCfg = Release|Any CPU
		{989F3803-1E32-49EB-ACE8-52061EAE4001}.Release|Any CPU.Build.0 = Release|Any CPU
		{301DE2CB-FA3F-4F14-8257-2519362978BC}.Debug|Any CPU.ActiveCfg = Debug|Any CPU
		{301DE2CB-FA3F-4F14-8257-2519362978BC}.Debug|Any CPU.Build.0 = Debug|Any CPU
		{301DE2CB-FA3F-4F14-8257-2519362978BC}.Release|Any CPU.ActiveCfg = Release|Any CPU
		{301DE2CB-FA3F-4F14-8257-2519362978BC}.Release|Any CPU.Build.0 = Release|Any CPU
		{A76E7C8E-A9EA-41DB-905A-9F92711264C2}.Debug|Any CPU.ActiveCfg = Debug|Any CPU
		{A76E7C8E-A9EA-41DB-905A-9F92711264C2}.Debug|Any CPU.Build.0 = Debug|Any CPU
		{A76E7C8E-A9EA-41DB-905A-9F92711264C2}.Release|Any CPU.ActiveCfg = Release|Any CPU
		{A76E7C8E-A9EA-41DB-905A-9F92711264C2}.Release|Any CPU.Build.0 = Release|Any CPU
		{B9F4A2AF-6C89-44CA-90D0-7922BB3789E7}.Debug|Any CPU.ActiveCfg = Debug|Any CPU
		{B9F4A2AF-6C89-44CA-90D0-7922BB3789E7}.Debug|Any CPU.Build.0 = Debug|Any CPU
		{B9F4A2AF-6C89-44CA-90D0-7922BB3789E7}.Release|Any CPU.ActiveCfg = Release|Any CPU
		{B9F4A2AF-6C89-44CA-90D0-7922BB3789E7}.Release|Any CPU.Build.0 = Release|Any CPU
		{BDD90B12-A18B-4EA8-BAAB-63871E8FCDF6}.Debug|Any CPU.ActiveCfg = Debug|Any CPU
		{BDD90B12-A18B-4EA8-BAAB-63871E8FCDF6}.Debug|Any CPU.Build.0 = Debug|Any CPU
		{BDD90B12-A18B-4EA8-BAAB-63871E8FCDF6}.Release|Any CPU.ActiveCfg = Release|Any CPU
		{BDD90B12-A18B-4EA8-BAAB-63871E8FCDF6}.Release|Any CPU.Build.0 = Release|Any CPU
		{C2001D55-5516-4CF6-A830-7FDDDE3B1256}.Debug|Any CPU.ActiveCfg = Debug|Any CPU
		{C2001D55-5516-4CF6-A830-7FDDDE3B1256}.Debug|Any CPU.Build.0 = Debug|Any CPU
		{C2001D55-5516-4CF6-A830-7FDDDE3B1256}.Release|Any CPU.ActiveCfg = Release|Any CPU
		{C2001D55-5516-4CF6-A830-7FDDDE3B1256}.Release|Any CPU.Build.0 = Release|Any CPU
	EndGlobalSection
	GlobalSection(NestedProjects) = preSolution
		{5FE34068-FDA8-48BF-B627-4DD03D970574} = {32B6B4B5-F87B-4EF1-B952-D29CFC178DAF}
		{A6D2F1DF-7C0B-4CCF-9F80-A8AA25095324} = {C33D79BA-5FFB-43E8-A16F-107FB7918EAD}
		{58411191-2439-478A-BDF2-3FB897ED8919} = {C33D79BA-5FFB-43E8-A16F-107FB7918EAD}
		{989F3803-1E32-49EB-ACE8-52061EAE4001} = {32B6B4B5-F87B-4EF1-B952-D29CFC178DAF}
		{301DE2CB-FA3F-4F14-8257-2519362978BC} = {C33D79BA-5FFB-43E8-A16F-107FB7918EAD}
		{A76E7C8E-A9EA-41DB-905A-9F92711264C2} = {C33D79BA-5FFB-43E8-A16F-107FB7918EAD}
		{B9F4A2AF-6C89-44CA-90D0-7922BB3789E7} = {32B6B4B5-F87B-4EF1-B952-D29CFC178DAF}
		{BDD90B12-A18B-4EA8-BAAB-63871E8FCDF6} = {C33D79BA-5FFB-43E8-A16F-107FB7918EAD}
		{C2001D55-5516-4CF6-A830-7FDDDE3B1256} = {C33D79BA-5FFB-43E8-A16F-107FB7918EAD}
		{984E104F-3FDB-4764-8E73-D9C798483932} = {0F1AD198-1F7F-46FF-9DFD-F21BAC7B11C0}
	EndGlobalSection
EndGlobal
